
Microsoft Visual Studio Solution File, Format Version 12.00
# Visual Studio Version 16
VisualStudioVersion = 16.0.30804.86
MinimumVisualStudioVersion = 10.0.40219.1
Project("{FAE04EC0-301F-11D3-BF4B-00C04F79EFBC}") = "ConsoleBattagliaIVA", "ConsoleBattagliaIVA\ConsoleBattagliaIVA.csproj", "{6F4D8343-B048-434E-B233-59BF8093A2D9}"
EndProject
Project("{FAE04EC0-301F-11D3-BF4B-00C04F79EFBC}") = "WpfBattagliaIVA", "WpfBattagliaIVA\WpfBattagliaIVA.csproj", "{156E5BDB-57F2-4ADB-8E04-9714664376B7}"
EndProject
Project("{FAE04EC0-301F-11D3-BF4B-00C04F79EFBC}") = "LibreriaBattagliaIVA", "LibreriaBattagliaIVA\LibreriaBattagliaIVA.csproj", "{C3978ADB-9110-4555-A423-9489E5677E69}"
EndProject
Global
	GlobalSection(SolutionConfigurationPlatforms) = preSolution
		Debug|Any CPU = Debug|Any CPU
		Release|Any CPU = Release|Any CPU
	EndGlobalSection
	GlobalSection(ProjectConfigurationPlatforms) = postSolution
		{6F4D8343-B048-434E-B233-59BF8093A2D9}.Debug|Any CPU.ActiveCfg = Debug|Any CPU
		{6F4D8343-B048-434E-B233-59BF8093A2D9}.Debug|Any CPU.Build.0 = Debug|Any CPU
		{6F4D8343-B048-434E-B233-59BF8093A2D9}.Release|Any CPU.ActiveCfg = Release|Any CPU
		{6F4D8343-B048-434E-B233-59BF8093A2D9}.Release|Any CPU.Build.0 = Release|Any CPU
		{156E5BDB-57F2-4ADB-8E04-9714664376B7}.Debug|Any CPU.ActiveCfg = Debug|Any CPU
		{156E5BDB-57F2-4ADB-8E04-9714664376B7}.Debug|Any CPU.Build.0 = Debug|Any CPU
		{156E5BDB-57F2-4ADB-8E04-9714664376B7}.Release|Any CPU.ActiveCfg = Release|Any CPU
		{156E5BDB-57F2-4ADB-8E04-9714664376B7}.Release|Any CPU.Build.0 = Release|Any CPU
		{C3978ADB-9110-4555-A423-9489E5677E69}.Debug|Any CPU.ActiveCfg = Debug|Any CPU
		{C3978ADB-9110-4555-A423-9489E5677E69}.Debug|Any CPU.Build.0 = Debug|Any CPU
		{C3978ADB-9110-4555-A423-9489E5677E69}.Release|Any CPU.ActiveCfg = Release|Any CPU
		{C3978ADB-9110-4555-A423-9489E5677E69}.Release|Any CPU.Build.0 = Release|Any CPU
	EndGlobalSection
	GlobalSection(SolutionProperties) = preSolution
		HideSolutionNode = FALSE
	EndGlobalSection
	GlobalSection(ExtensibilityGlobals) = postSolution
		SolutionGuid = {64CE9DA0-245E-4CB6-9291-B1B869C49618}
	EndGlobalSection
EndGlobal
